
Microsoft Visual Studio Solution File, Format Version 12.00
# Visual Studio Version 17
VisualStudioVersion = 17.7.34031.279
MinimumVisualStudioVersion = 10.0.40219.1
Project("{FAE04EC0-301F-11D3-BF4B-00C04F79EFBC}") = "sharp2_6", "sharp2_6\sharp2_6.csproj", "{6A0B1398-A0E5-42BB-9877-C5956CCA6828}"
EndProject
Global
	GlobalSection(SolutionConfigurationPlatforms) = preSolution
		Debug|Any CPU = Debug|Any CPU
		Release|Any CPU = Release|Any CPU
	EndGlobalSection
	GlobalSection(ProjectConfigurationPlatforms) = postSolution
		{6A0B1398-A0E5-42BB-9877-C5956CCA6828}.Debug|Any CPU.ActiveCfg = Debug|Any CPU
		{6A0B1398-A0E5-42BB-9877-C5956CCA6828}.Debug|Any CPU.Build.0 = Debug|Any CPU
		{6A0B1398-A0E5-42BB-9877-C5956CCA6828}.Release|Any CPU.ActiveCfg = Release|Any CPU
		{6A0B1398-A0E5-42BB-9877-C5956CCA6828}.Release|Any CPU.Build.0 = Release|Any CPU
	EndGlobalSection
	GlobalSection(SolutionProperties) = preSolution
		HideSolutionNode = FALSE
	EndGlobalSection
	GlobalSection(ExtensibilityGlobals) = postSolution
		SolutionGuid = {E662B923-4C13-4041-8821-8D9B4C229C57}
	EndGlobalSection
EndGlobal
